{
  "name": "@smappee/node-red-contrib-smappee-knx",
  "version": "0.0.10",
  "lockfileVersion": 1,
  "requires": true,
  "dependencies": {
    "@types/node": {
      "version": "6.0.92",
      "resolved": "https://registry.npmjs.org/@types/node/-/node-6.0.92.tgz",
      "integrity": "sha512-awEYSSTn7dauwVCYSx2CJaPTu0Z1Ht2oR1b2AD3CYao6ZRb+opb6EL43fzmD7eMFgMHzTBWSUzlWSD+S8xN0Nw=="
    },
    "binary-parser": {
      "version": "1.1.5",
      "resolved": "https://registry.npmjs.org/binary-parser/-/binary-parser-1.1.5.tgz",
      "integrity": "sha1-ciTWGk4vp7Wu3mn+Tw6moJAreeg="
    },
    "binary-protocol": {
      "version": "0.0.0",
      "resolved": "https://registry.npmjs.org/binary-protocol/-/binary-protocol-0.0.0.tgz",
      "integrity": "sha1-ZU4tbCB8HS7qpl1dais+ulmu024=",
      "requires": {
        "bluebird": "2.2.2"
      }
    },
    "bluebird": {
      "version": "2.2.2",
      "resolved": "https://registry.npmjs.org/bluebird/-/bluebird-2.2.2.tgz",
      "integrity": "sha1-8b8Fq8iHz5pwOIYjfChhCkOx8RQ="
    },
    "bytebuffer": {
      "version": "5.0.1",
      "resolved": "https://registry.npmjs.org/bytebuffer/-/bytebuffer-5.0.1.tgz",
      "integrity": "sha1-WC7qSxqHO20CCkjVjfhfC7ps/d0=",
      "requires": {
        "long": "3.2.0"
      }
    },
    "ipaddr.js": {
      "version": "1.2.0",
      "resolved": "https://registry.npmjs.org/ipaddr.js/-/ipaddr.js-1.2.0.tgz",
      "integrity": "sha1-irpJyRknmVhb3WQ+DMtQ6K53e6Q="
    },
    "knx": {
      "version": "2.2.8",
      "resolved": "https://registry.npmjs.org/knx/-/knx-2.2.8.tgz",
      "integrity": "sha1-uYxDCDqIvM9qZID+O/VG8VwIfzA=",
      "requires": {
        "@types/node": "6.0.92",
        "binary-parser": "1.1.5",
        "binary-protocol": "0.0.0",
        "ipaddr.js": "1.2.0",
        "machina": "2.0.0"
      }
    },
    "lodash": {
      "version": "3.10.1",
      "resolved": "https://registry.npmjs.org/lodash/-/lodash-3.10.1.tgz",
      "integrity": "sha1-W/Rejkm6QYnhfUgnid/RW9FAt7Y="
    },
    "long": {
      "version": "3.2.0",
      "resolved": "https://registry.npmjs.org/long/-/long-3.2.0.tgz",
      "integrity": "sha1-2CG3E4yhy1gcFymQ7xTbIAtcR0s="
    },
    "machina": {
      "version": "2.0.0",
      "resolved": "https://registry.npmjs.org/machina/-/machina-2.0.0.tgz",
      "integrity": "sha1-a7FQT403Z0MhfAxDgxdZ8Mk6BiA=",
      "requires": {
        "lodash": "3.10.1"
      }
    },
    "moment": {
      "version": "2.19.4",
      "resolved": "https://registry.npmjs.org/moment/-/moment-2.19.4.tgz",
      "integrity": "sha512-1xFTAknSLfc47DIxHDUbnJWC+UwgWxATmymaxIPQpmMh7LBm7ZbwVEsuushqwL2GYZU0jie4xO+TK44hJPjNSQ=="
    },
    "numeral": {
      "version": "2.0.6",
      "resolved": "https://registry.npmjs.org/numeral/-/numeral-2.0.6.tgz",
      "integrity": "sha1-StCAk21EPCVhrtnyGX7//iX05QY="
    }
  }
}
